
Microsoft Visual Studio Solution File, Format Version 12.00
# Visual Studio 14
VisualStudioVersion = 14.0.25123.0
MinimumVisualStudioVersion = 10.0.40219.1
Project("{9092AA53-FB77-4645-B42D-1CCCA6BD08BD}") = "worker", "worker\worker.njsproj", "{EAEB4DD1-32B7-4378-AC71-D74220237923}"
EndProject
Global
	GlobalSection(SolutionConfigurationPlatforms) = preSolution
		Debug|Any CPU = Debug|Any CPU
		Release|Any CPU = Release|Any CPU
	EndGlobalSection
	GlobalSection(ProjectConfigurationPlatforms) = postSolution
		{EAEB4DD1-32B7-4378-AC71-D74220237923}.Debug|Any CPU.ActiveCfg = Debug|Any CPU
		{EAEB4DD1-32B7-4378-AC71-D74220237923}.Debug|Any CPU.Build.0 = Debug|Any CPU
		{EAEB4DD1-32B7-4378-AC71-D74220237923}.Release|Any CPU.ActiveCfg = Release|Any CPU
		{EAEB4DD1-32B7-4378-AC71-D74220237923}.Release|Any CPU.Build.0 = Release|Any CPU
	EndGlobalSection
	GlobalSection(SolutionProperties) = preSolution
		HideSolutionNode = FALSE
	EndGlobalSection
EndGlobal
